{
  "name": "2309-wns-jaune-inbox-artisan",
  "lockfileVersion": 3,
  "requires": true,
  "packages": {
    "": {
      "dependencies": {
        "@types/stripe-checkout": "^1.0.7"
      }
    },
    "node_modules/@types/stripe-checkout": {
      "version": "1.0.7",
      "resolved": "https://registry.npmjs.org/@types/stripe-checkout/-/stripe-checkout-1.0.7.tgz",
      "integrity": "sha512-L1ATItbn2FEGl7+T9rWCT92mRIRmvMEHGdkz5+IrCGgOHH1LLv2hhhs095sBRVgH0Uqgno2ZIN+9zzYrXLM4kQ==",
      "dependencies": {
        "@types/stripe-v3": "*"
      }
    },
    "node_modules/@types/stripe-v3": {
      "version": "3.1.33",
      "resolved": "https://registry.npmjs.org/@types/stripe-v3/-/stripe-v3-3.1.33.tgz",
      "integrity": "sha512-fIE7F7alypCrnIMsk4naprHf8kXEvPM2Q9FGdL/3TDeGM0xlHohdVWkwuaEZ2tKzXB9QQKoS8k+ocLkPjZajwQ=="
    }
  }
}
